
Microsoft Visual Studio Solution File, Format Version 12.00
Project("{FAE04EC0-301F-11D3-BF4B-00C04F79EFBC}") = "Harmonics", "Harmonics\Harmonics.csproj", "{AC3FCA5E-90BD-4695-9EC0-6193EDEA10A4}"
EndProject
Project("{FAE04EC0-301F-11D3-BF4B-00C04F79EFBC}") = "Server", "Server\Server.csproj", "{3EB0C220-AE38-4508-AF29-264270BEC309}"
EndProject
Global
	GlobalSection(SolutionConfigurationPlatforms) = preSolution
		Debug|Any CPU = Debug|Any CPU
		Release|Any CPU = Release|Any CPU
	EndGlobalSection
	GlobalSection(ProjectConfigurationPlatforms) = postSolution
		{AC3FCA5E-90BD-4695-9EC0-6193EDEA10A4}.Debug|Any CPU.ActiveCfg = Debug|Any CPU
		{AC3FCA5E-90BD-4695-9EC0-6193EDEA10A4}.Debug|Any CPU.Build.0 = Debug|Any CPU
		{AC3FCA5E-90BD-4695-9EC0-6193EDEA10A4}.Release|Any CPU.ActiveCfg = Release|Any CPU
		{AC3FCA5E-90BD-4695-9EC0-6193EDEA10A4}.Release|Any CPU.Build.0 = Release|Any CPU
		{3EB0C220-AE38-4508-AF29-264270BEC309}.Debug|Any CPU.ActiveCfg = Debug|Any CPU
		{3EB0C220-AE38-4508-AF29-264270BEC309}.Debug|Any CPU.Build.0 = Debug|Any CPU
		{3EB0C220-AE38-4508-AF29-264270BEC309}.Release|Any CPU.ActiveCfg = Release|Any CPU
		{3EB0C220-AE38-4508-AF29-264270BEC309}.Release|Any CPU.Build.0 = Release|Any CPU
	EndGlobalSection
EndGlobal
